
Microsoft Visual Studio Solution File, Format Version 12.00
Project("{FAE04EC0-301F-11D3-BF4B-00C04F79EFBC}") = "CSharp_01", "CSharp_01\CSharp_01.csproj", "{690743F0-4108-4A84-8A5E-D1E65D2AFAF3}"
EndProject
Project("{FAE04EC0-301F-11D3-BF4B-00C04F79EFBC}") = "CSharp_02", "CSharp_02\CSharp_02.csproj", "{789A8FDE-6996-4128-A896-871C5D212BA2}"
EndProject
Project("{FAE04EC0-301F-11D3-BF4B-00C04F79EFBC}") = "CSharp_03", "CSharp_03\CSharp_03.csproj", "{C06B3F55-2D8A-46A9-86B1-1FD405DD4B34}"
EndProject
Project("{FAE04EC0-301F-11D3-BF4B-00C04F79EFBC}") = "CSharp_04", "CSharp_04\CSharp_04.csproj", "{CC5FCBE3-1471-4E6F-BCE6-AE2F8116261F}"
EndProject
Project("{FAE04EC0-301F-11D3-BF4B-00C04F79EFBC}") = "CSharp_05", "CSharp_05\CSharp_05.csproj", "{D0C50C18-7C1D-4268-BB16-D35A9DA5823D}"
EndProject
Project("{FAE04EC0-301F-11D3-BF4B-00C04F79EFBC}") = "CSharp_06", "CSharp_06\CSharp_06.csproj", "{BB5F6F4A-A1D3-4115-836E-84D0A3685BCC}"
EndProject
Project("{FAE04EC0-301F-11D3-BF4B-00C04F79EFBC}") = "CSharp_07", "CSharp_07\CSharp_07.csproj", "{BD917BB4-28EF-4044-B4D0-6D504A04454E}"
EndProject
Global
	GlobalSection(SolutionConfigurationPlatforms) = preSolution
		Debug|Any CPU = Debug|Any CPU
		Release|Any CPU = Release|Any CPU
	EndGlobalSection
	GlobalSection(ProjectConfigurationPlatforms) = postSolution
		{690743F0-4108-4A84-8A5E-D1E65D2AFAF3}.Debug|Any CPU.ActiveCfg = Debug|Any CPU
		{690743F0-4108-4A84-8A5E-D1E65D2AFAF3}.Debug|Any CPU.Build.0 = Debug|Any CPU
		{690743F0-4108-4A84-8A5E-D1E65D2AFAF3}.Release|Any CPU.ActiveCfg = Release|Any CPU
		{690743F0-4108-4A84-8A5E-D1E65D2AFAF3}.Release|Any CPU.Build.0 = Release|Any CPU
		{789A8FDE-6996-4128-A896-871C5D212BA2}.Debug|Any CPU.ActiveCfg = Debug|Any CPU
		{789A8FDE-6996-4128-A896-871C5D212BA2}.Debug|Any CPU.Build.0 = Debug|Any CPU
		{789A8FDE-6996-4128-A896-871C5D212BA2}.Release|Any CPU.ActiveCfg = Release|Any CPU
		{789A8FDE-6996-4128-A896-871C5D212BA2}.Release|Any CPU.Build.0 = Release|Any CPU
		{C06B3F55-2D8A-46A9-86B1-1FD405DD4B34}.Debug|Any CPU.ActiveCfg = Debug|Any CPU
		{C06B3F55-2D8A-46A9-86B1-1FD405DD4B34}.Debug|Any CPU.Build.0 = Debug|Any CPU
		{C06B3F55-2D8A-46A9-86B1-1FD405DD4B34}.Release|Any CPU.ActiveCfg = Release|Any CPU
		{C06B3F55-2D8A-46A9-86B1-1FD405DD4B34}.Release|Any CPU.Build.0 = Release|Any CPU
		{CC5FCBE3-1471-4E6F-BCE6-AE2F8116261F}.Debug|Any CPU.ActiveCfg = Debug|Any CPU
		{CC5FCBE3-1471-4E6F-BCE6-AE2F8116261F}.Debug|Any CPU.Build.0 = Debug|Any CPU
		{CC5FCBE3-1471-4E6F-BCE6-AE2F8116261F}.Release|Any CPU.ActiveCfg = Release|Any CPU
		{CC5FCBE3-1471-4E6F-BCE6-AE2F8116261F}.Release|Any CPU.Build.0 = Release|Any CPU
		{D0C50C18-7C1D-4268-BB16-D35A9DA5823D}.Debug|Any CPU.ActiveCfg = Debug|Any CPU
		{D0C50C18-7C1D-4268-BB16-D35A9DA5823D}.Debug|Any CPU.Build.0 = Debug|Any CPU
		{D0C50C18-7C1D-4268-BB16-D35A9DA5823D}.Release|Any CPU.ActiveCfg = Release|Any CPU
		{D0C50C18-7C1D-4268-BB16-D35A9DA5823D}.Release|Any CPU.Build.0 = Release|Any CPU
		{BB5F6F4A-A1D3-4115-836E-84D0A3685BCC}.Debug|Any CPU.ActiveCfg = Debug|Any CPU
		{BB5F6F4A-A1D3-4115-836E-84D0A3685BCC}.Debug|Any CPU.Build.0 = Debug|Any CPU
		{BB5F6F4A-A1D3-4115-836E-84D0A3685BCC}.Release|Any CPU.ActiveCfg = Release|Any CPU
		{BB5F6F4A-A1D3-4115-836E-84D0A3685BCC}.Release|Any CPU.Build.0 = Release|Any CPU
		{BD917BB4-28EF-4044-B4D0-6D504A04454E}.Debug|Any CPU.ActiveCfg = Debug|Any CPU
		{BD917BB4-28EF-4044-B4D0-6D504A04454E}.Debug|Any CPU.Build.0 = Debug|Any CPU
		{BD917BB4-28EF-4044-B4D0-6D504A04454E}.Release|Any CPU.ActiveCfg = Release|Any CPU
		{BD917BB4-28EF-4044-B4D0-6D504A04454E}.Release|Any CPU.Build.0 = Release|Any CPU
	EndGlobalSection
EndGlobal
